
Microsoft Visual Studio Solution File, Format Version 12.00
Project("{FAE04EC0-301F-11D3-BF4B-00C04F79EFBC}") = "MinimalRideHailingAPI", "MinimalRideHailingAPI.csproj", "{EADF3446-4858-48CD-B9B3-1B683BB7274D}"
EndProject
Global
	GlobalSection(SolutionConfigurationPlatforms) = preSolution
		Debug|Any CPU = Debug|Any CPU
		Release|Any CPU = Release|Any CPU
	EndGlobalSection
	GlobalSection(ProjectConfigurationPlatforms) = postSolution
		{EADF3446-4858-48CD-B9B3-1B683BB7274D}.Debug|Any CPU.ActiveCfg = Debug|Any CPU
		{EADF3446-4858-48CD-B9B3-1B683BB7274D}.Debug|Any CPU.Build.0 = Debug|Any CPU
		{EADF3446-4858-48CD-B9B3-1B683BB7274D}.Release|Any CPU.ActiveCfg = Release|Any CPU
		{EADF3446-4858-48CD-B9B3-1B683BB7274D}.Release|Any CPU.Build.0 = Release|Any CPU
	EndGlobalSection
EndGlobal
